
Microsoft Visual Studio Solution File, Format Version 12.00
# Visual Studio 15
VisualStudioVersion = 15.0.27703.2026
MinimumVisualStudioVersion = 10.0.40219.1
Project("{FAE04EC0-301F-11D3-BF4B-00C04F79EFBC}") = "BootstrapExample", "BootstrapExample\BootstrapExample.csproj", "{9B9A184E-DB58-4BEA-9869-8DDAFFFAF318}"
EndProject
Global
	GlobalSection(SolutionConfigurationPlatforms) = preSolution
		Debug|Any CPU = Debug|Any CPU
		Release|Any CPU = Release|Any CPU
	EndGlobalSection
	GlobalSection(ProjectConfigurationPlatforms) = postSolution
		{9B9A184E-DB58-4BEA-9869-8DDAFFFAF318}.Debug|Any CPU.ActiveCfg = Debug|Any CPU
		{9B9A184E-DB58-4BEA-9869-8DDAFFFAF318}.Debug|Any CPU.Build.0 = Debug|Any CPU
		{9B9A184E-DB58-4BEA-9869-8DDAFFFAF318}.Release|Any CPU.ActiveCfg = Release|Any CPU
		{9B9A184E-DB58-4BEA-9869-8DDAFFFAF318}.Release|Any CPU.Build.0 = Release|Any CPU
	EndGlobalSection
	GlobalSection(SolutionProperties) = preSolution
		HideSolutionNode = FALSE
	EndGlobalSection
	GlobalSection(ExtensibilityGlobals) = postSolution
		SolutionGuid = {3194E427-CEE5-4A92-AA2B-CE02C1370B39}
	EndGlobalSection
EndGlobal
