
Microsoft Visual Studio Solution File, Format Version 12.00
# Visual Studio 15
VisualStudioVersion = 15.0.27703.2026
MinimumVisualStudioVersion = 10.0.40219.1
Project("{FAE04EC0-301F-11D3-BF4B-00C04F79EFBC}") = "PublicLibrary", "PublicLibrary\PublicLibrary.csproj", "{4ED2951C-1D03-40A3-913A-538C94D8F67B}"
EndProject
Global
	GlobalSection(SolutionConfigurationPlatforms) = preSolution
		Debug|Any CPU = Debug|Any CPU
		Release|Any CPU = Release|Any CPU
	EndGlobalSection
	GlobalSection(ProjectConfigurationPlatforms) = postSolution
		{4ED2951C-1D03-40A3-913A-538C94D8F67B}.Debug|Any CPU.ActiveCfg = Debug|Any CPU
		{4ED2951C-1D03-40A3-913A-538C94D8F67B}.Debug|Any CPU.Build.0 = Debug|Any CPU
		{4ED2951C-1D03-40A3-913A-538C94D8F67B}.Release|Any CPU.ActiveCfg = Release|Any CPU
		{4ED2951C-1D03-40A3-913A-538C94D8F67B}.Release|Any CPU.Build.0 = Release|Any CPU
	EndGlobalSection
	GlobalSection(SolutionProperties) = preSolution
		HideSolutionNode = FALSE
	EndGlobalSection
	GlobalSection(ExtensibilityGlobals) = postSolution
		SolutionGuid = {80B88D0D-FA1E-449C-AF88-F557208B97C4}
	EndGlobalSection
EndGlobal
