
Microsoft Visual Studio Solution File, Format Version 12.00
# Visual Studio 15
VisualStudioVersion = 15.0.27703.2026
MinimumVisualStudioVersion = 10.0.40219.1
Project("{FAE04EC0-301F-11D3-BF4B-00C04F79EFBC}") = "Cupcakes", "Cupcakes\Cupcakes.csproj", "{D46FFDA3-3F29-4C6B-A284-134426020858}"
EndProject
Global
	GlobalSection(SolutionConfigurationPlatforms) = preSolution
		Debug|Any CPU = Debug|Any CPU
		Release|Any CPU = Release|Any CPU
	EndGlobalSection
	GlobalSection(ProjectConfigurationPlatforms) = postSolution
		{D46FFDA3-3F29-4C6B-A284-134426020858}.Debug|Any CPU.ActiveCfg = Debug|Any CPU
		{D46FFDA3-3F29-4C6B-A284-134426020858}.Debug|Any CPU.Build.0 = Debug|Any CPU
		{D46FFDA3-3F29-4C6B-A284-134426020858}.Release|Any CPU.ActiveCfg = Release|Any CPU
		{D46FFDA3-3F29-4C6B-A284-134426020858}.Release|Any CPU.Build.0 = Release|Any CPU
	EndGlobalSection
	GlobalSection(SolutionProperties) = preSolution
		HideSolutionNode = FALSE
	EndGlobalSection
	GlobalSection(ExtensibilityGlobals) = postSolution
		SolutionGuid = {17C4A438-987D-4E8D-8675-BA770E390A9A}
	EndGlobalSection
EndGlobal
