
Microsoft Visual Studio Solution File, Format Version 12.00
# Visual Studio 15
VisualStudioVersion = 15.0.27428.2015
MinimumVisualStudioVersion = 10.0.40219.1
Project("{FAE04EC0-301F-11D3-BF4B-00C04F79EFBC}") = "Cupcakes", "Cupcakes\Cupcakes.csproj", "{6B73C04E-6B84-4554-9FE0-C8884E289F31}"
EndProject
Global
	GlobalSection(SolutionConfigurationPlatforms) = preSolution
		Debug|Any CPU = Debug|Any CPU
		Release|Any CPU = Release|Any CPU
	EndGlobalSection
	GlobalSection(ProjectConfigurationPlatforms) = postSolution
		{6B73C04E-6B84-4554-9FE0-C8884E289F31}.Debug|Any CPU.ActiveCfg = Debug|Any CPU
		{6B73C04E-6B84-4554-9FE0-C8884E289F31}.Debug|Any CPU.Build.0 = Debug|Any CPU
		{6B73C04E-6B84-4554-9FE0-C8884E289F31}.Release|Any CPU.ActiveCfg = Release|Any CPU
		{6B73C04E-6B84-4554-9FE0-C8884E289F31}.Release|Any CPU.Build.0 = Release|Any CPU
	EndGlobalSection
	GlobalSection(SolutionProperties) = preSolution
		HideSolutionNode = FALSE
	EndGlobalSection
	GlobalSection(ExtensibilityGlobals) = postSolution
		SolutionGuid = {733D1574-1758-40AD-A570-236021FEA4BE}
	EndGlobalSection
EndGlobal
