
Microsoft Visual Studio Solution File, Format Version 12.00
# Visual Studio 15
VisualStudioVersion = 15.0.28010.2050
MinimumVisualStudioVersion = 10.0.40219.1
Project("{9A19103F-16F7-4668-BE54-9A1E7A4F7556}") = "Library", "Library\Library.csproj", "{9FECA5AC-1CE9-4832-9CAD-F031D8180861}"
EndProject
Project("{FAE04EC0-301F-11D3-BF4B-00C04F79EFBC}") = "CrossSiteRequestForgeryAttack", "CrossSiteRequestForgeryAttack\CrossSiteRequestForgeryAttack.csproj", "{ED34D920-B0C4-4993-BDB6-CF071462AF24}"
EndProject
Global
	GlobalSection(SolutionConfigurationPlatforms) = preSolution
		Debug|Any CPU = Debug|Any CPU
		Release|Any CPU = Release|Any CPU
	EndGlobalSection
	GlobalSection(ProjectConfigurationPlatforms) = postSolution
		{9FECA5AC-1CE9-4832-9CAD-F031D8180861}.Debug|Any CPU.ActiveCfg = Debug|Any CPU
		{9FECA5AC-1CE9-4832-9CAD-F031D8180861}.Debug|Any CPU.Build.0 = Debug|Any CPU
		{9FECA5AC-1CE9-4832-9CAD-F031D8180861}.Release|Any CPU.ActiveCfg = Release|Any CPU
		{9FECA5AC-1CE9-4832-9CAD-F031D8180861}.Release|Any CPU.Build.0 = Release|Any CPU
		{ED34D920-B0C4-4993-BDB6-CF071462AF24}.Debug|Any CPU.ActiveCfg = Debug|Any CPU
		{ED34D920-B0C4-4993-BDB6-CF071462AF24}.Debug|Any CPU.Build.0 = Debug|Any CPU
		{ED34D920-B0C4-4993-BDB6-CF071462AF24}.Release|Any CPU.ActiveCfg = Release|Any CPU
		{ED34D920-B0C4-4993-BDB6-CF071462AF24}.Release|Any CPU.Build.0 = Release|Any CPU
	EndGlobalSection
	GlobalSection(SolutionProperties) = preSolution
		HideSolutionNode = FALSE
	EndGlobalSection
	GlobalSection(ExtensibilityGlobals) = postSolution
		SolutionGuid = {607ED7F0-89AA-4BFC-8E44-67D1E74A2C5B}
	EndGlobalSection
EndGlobal
