
Microsoft Visual Studio Solution File, Format Version 12.00
# Visual Studio 15
VisualStudioVersion = 15.0.27130.2010
MinimumVisualStudioVersion = 10.0.40219.1
Project("{FAE04EC0-301F-11D3-BF4B-00C04F79EFBC}") = "FiltersExample", "FiltersExample\FiltersExample.csproj", "{F282299F-4A56-430C-8206-1998FBBAF324}"
EndProject
Global
	GlobalSection(SolutionConfigurationPlatforms) = preSolution
		Debug|Any CPU = Debug|Any CPU
		Release|Any CPU = Release|Any CPU
	EndGlobalSection
	GlobalSection(ProjectConfigurationPlatforms) = postSolution
		{F282299F-4A56-430C-8206-1998FBBAF324}.Debug|Any CPU.ActiveCfg = Debug|Any CPU
		{F282299F-4A56-430C-8206-1998FBBAF324}.Debug|Any CPU.Build.0 = Debug|Any CPU
		{F282299F-4A56-430C-8206-1998FBBAF324}.Release|Any CPU.ActiveCfg = Release|Any CPU
		{F282299F-4A56-430C-8206-1998FBBAF324}.Release|Any CPU.Build.0 = Release|Any CPU
	EndGlobalSection
	GlobalSection(SolutionProperties) = preSolution
		HideSolutionNode = FALSE
	EndGlobalSection
	GlobalSection(ExtensibilityGlobals) = postSolution
		SolutionGuid = {3BEB3DFB-CF52-4BF7-8C8D-B9E07763A641}
	EndGlobalSection
EndGlobal
