
Microsoft Visual Studio Solution File, Format Version 12.00
# Visual Studio 15
VisualStudioVersion = 15.0.27703.2026
MinimumVisualStudioVersion = 10.0.40219.1
Project("{FAE04EC0-301F-11D3-BF4B-00C04F79EFBC}") = "JQueryExample", "JQueryExample\JQueryExample.csproj", "{52CA8FC2-E341-49BD-99F8-839F8A6A8C6E}"
EndProject
Global
	GlobalSection(SolutionConfigurationPlatforms) = preSolution
		Debug|Any CPU = Debug|Any CPU
		Release|Any CPU = Release|Any CPU
	EndGlobalSection
	GlobalSection(ProjectConfigurationPlatforms) = postSolution
		{52CA8FC2-E341-49BD-99F8-839F8A6A8C6E}.Debug|Any CPU.ActiveCfg = Debug|Any CPU
		{52CA8FC2-E341-49BD-99F8-839F8A6A8C6E}.Debug|Any CPU.Build.0 = Debug|Any CPU
		{52CA8FC2-E341-49BD-99F8-839F8A6A8C6E}.Release|Any CPU.ActiveCfg = Release|Any CPU
		{52CA8FC2-E341-49BD-99F8-839F8A6A8C6E}.Release|Any CPU.Build.0 = Release|Any CPU
	EndGlobalSection
	GlobalSection(SolutionProperties) = preSolution
		HideSolutionNode = FALSE
	EndGlobalSection
	GlobalSection(ExtensibilityGlobals) = postSolution
		SolutionGuid = {81143977-5A6E-41B8-A62F-9A72E76E120E}
	EndGlobalSection
EndGlobal
