
Microsoft Visual Studio Solution File, Format Version 12.00
# Visual Studio 15
VisualStudioVersion = 15.0.27703.2026
MinimumVisualStudioVersion = 10.0.40219.1
Project("{FAE04EC0-301F-11D3-BF4B-00C04F79EFBC}") = "EntityFrameworkExample", "EntityFrameworkExample\EntityFrameworkExample.csproj", "{3B5FB1F8-80E1-4178-91E0-FCD6E1BF33BA}"
EndProject
Global
	GlobalSection(SolutionConfigurationPlatforms) = preSolution
		Debug|Any CPU = Debug|Any CPU
		Release|Any CPU = Release|Any CPU
	EndGlobalSection
	GlobalSection(ProjectConfigurationPlatforms) = postSolution
		{3B5FB1F8-80E1-4178-91E0-FCD6E1BF33BA}.Debug|Any CPU.ActiveCfg = Debug|Any CPU
		{3B5FB1F8-80E1-4178-91E0-FCD6E1BF33BA}.Debug|Any CPU.Build.0 = Debug|Any CPU
		{3B5FB1F8-80E1-4178-91E0-FCD6E1BF33BA}.Release|Any CPU.ActiveCfg = Release|Any CPU
		{3B5FB1F8-80E1-4178-91E0-FCD6E1BF33BA}.Release|Any CPU.Build.0 = Release|Any CPU
	EndGlobalSection
	GlobalSection(SolutionProperties) = preSolution
		HideSolutionNode = FALSE
	EndGlobalSection
	GlobalSection(ExtensibilityGlobals) = postSolution
		SolutionGuid = {7193018C-5DCA-4A22-AC43-65F73AB477BE}
	EndGlobalSection
EndGlobal
