
Microsoft Visual Studio Solution File, Format Version 12.00
# Visual Studio 15
VisualStudioVersion = 15.0.27703.2026
MinimumVisualStudioVersion = 10.0.40219.1
Project("{FAE04EC0-301F-11D3-BF4B-00C04F79EFBC}") = "StateExample", "StateExample\StateExample.csproj", "{5FAEB3B1-069F-4D79-9454-A9CB4CD9365C}"
EndProject
Global
	GlobalSection(SolutionConfigurationPlatforms) = preSolution
		Debug|Any CPU = Debug|Any CPU
		Release|Any CPU = Release|Any CPU
	EndGlobalSection
	GlobalSection(ProjectConfigurationPlatforms) = postSolution
		{5FAEB3B1-069F-4D79-9454-A9CB4CD9365C}.Debug|Any CPU.ActiveCfg = Debug|Any CPU
		{5FAEB3B1-069F-4D79-9454-A9CB4CD9365C}.Debug|Any CPU.Build.0 = Debug|Any CPU
		{5FAEB3B1-069F-4D79-9454-A9CB4CD9365C}.Release|Any CPU.ActiveCfg = Release|Any CPU
		{5FAEB3B1-069F-4D79-9454-A9CB4CD9365C}.Release|Any CPU.Build.0 = Release|Any CPU
	EndGlobalSection
	GlobalSection(SolutionProperties) = preSolution
		HideSolutionNode = FALSE
	EndGlobalSection
	GlobalSection(ExtensibilityGlobals) = postSolution
		SolutionGuid = {9418E262-A1D7-4D28-976E-6624EA52EB52}
	EndGlobalSection
EndGlobal
