
Microsoft Visual Studio Solution File, Format Version 12.00
# Visual Studio 15
VisualStudioVersion = 15.0.27428.2015
MinimumVisualStudioVersion = 10.0.40219.1
Project("{FAE04EC0-301F-11D3-BF4B-00C04F79EFBC}") = "ButterfliesShop", "ButterfliesShop\ButterfliesShop.csproj", "{F17B830B-4835-435C-862E-26153229FA24}"
EndProject
Global
	GlobalSection(SolutionConfigurationPlatforms) = preSolution
		Debug|Any CPU = Debug|Any CPU
		Release|Any CPU = Release|Any CPU
	EndGlobalSection
	GlobalSection(ProjectConfigurationPlatforms) = postSolution
		{F17B830B-4835-435C-862E-26153229FA24}.Debug|Any CPU.ActiveCfg = Debug|Any CPU
		{F17B830B-4835-435C-862E-26153229FA24}.Debug|Any CPU.Build.0 = Debug|Any CPU
		{F17B830B-4835-435C-862E-26153229FA24}.Release|Any CPU.ActiveCfg = Release|Any CPU
		{F17B830B-4835-435C-862E-26153229FA24}.Release|Any CPU.Build.0 = Release|Any CPU
	EndGlobalSection
	GlobalSection(SolutionProperties) = preSolution
		HideSolutionNode = FALSE
	EndGlobalSection
	GlobalSection(ExtensibilityGlobals) = postSolution
		SolutionGuid = {2A095C4A-9598-4ED8-9FCA-4700B96096AA}
	EndGlobalSection
EndGlobal
