
Microsoft Visual Studio Solution File, Format Version 12.00
# Visual Studio 15
VisualStudioVersion = 15.0.28306.52
MinimumVisualStudioVersion = 10.0.40219.1
Project("{FAE04EC0-301F-11D3-BF4B-00C04F79EFBC}") = "AzureWebAppExample", "AzureWebAppExample\AzureWebAppExample.csproj", "{B5550B91-9AD5-4ADA-B774-7E9585643783}"
EndProject
Global
	GlobalSection(SolutionConfigurationPlatforms) = preSolution
		Debug|Any CPU = Debug|Any CPU
		Release|Any CPU = Release|Any CPU
	EndGlobalSection
	GlobalSection(ProjectConfigurationPlatforms) = postSolution
		{B5550B91-9AD5-4ADA-B774-7E9585643783}.Debug|Any CPU.ActiveCfg = Debug|Any CPU
		{B5550B91-9AD5-4ADA-B774-7E9585643783}.Debug|Any CPU.Build.0 = Debug|Any CPU
		{B5550B91-9AD5-4ADA-B774-7E9585643783}.Release|Any CPU.ActiveCfg = Release|Any CPU
		{B5550B91-9AD5-4ADA-B774-7E9585643783}.Release|Any CPU.Build.0 = Release|Any CPU
	EndGlobalSection
	GlobalSection(SolutionProperties) = preSolution
		HideSolutionNode = FALSE
	EndGlobalSection
	GlobalSection(ExtensibilityGlobals) = postSolution
		SolutionGuid = {5BC3C135-C8A7-4AD1-B233-9FDE3837C23C}
	EndGlobalSection
EndGlobal
