
Microsoft Visual Studio Solution File, Format Version 12.00
# Visual Studio 15
VisualStudioVersion = 15.0.27428.2037
MinimumVisualStudioVersion = 10.0.40219.1
Project("{FAE04EC0-301F-11D3-BF4B-00C04F79EFBC}") = "LayoutExample", "LayoutExample\LayoutExample.csproj", "{A29C332D-5E37-49CB-87C0-2DDB686C6D1C}"
EndProject
Global
	GlobalSection(SolutionConfigurationPlatforms) = preSolution
		Debug|Any CPU = Debug|Any CPU
		Release|Any CPU = Release|Any CPU
	EndGlobalSection
	GlobalSection(ProjectConfigurationPlatforms) = postSolution
		{A29C332D-5E37-49CB-87C0-2DDB686C6D1C}.Debug|Any CPU.ActiveCfg = Debug|Any CPU
		{A29C332D-5E37-49CB-87C0-2DDB686C6D1C}.Debug|Any CPU.Build.0 = Debug|Any CPU
		{A29C332D-5E37-49CB-87C0-2DDB686C6D1C}.Release|Any CPU.ActiveCfg = Release|Any CPU
		{A29C332D-5E37-49CB-87C0-2DDB686C6D1C}.Release|Any CPU.Build.0 = Release|Any CPU
	EndGlobalSection
	GlobalSection(SolutionProperties) = preSolution
		HideSolutionNode = FALSE
	EndGlobalSection
	GlobalSection(ExtensibilityGlobals) = postSolution
		SolutionGuid = {CA4B5A0F-074F-41CA-8C11-1D88CB68CBE9}
	EndGlobalSection
EndGlobal
