
Microsoft Visual Studio Solution File, Format Version 12.00
# Visual Studio 15
VisualStudioVersion = 15.0.27703.2026
MinimumVisualStudioVersion = 10.0.40219.1
Project("{FAE04EC0-301F-11D3-BF4B-00C04F79EFBC}") = "LayoutExample", "LayoutExample\LayoutExample.csproj", "{D5611CFE-9C8B-4F11-8EAE-3AFC1DD23DDB}"
EndProject
Global
	GlobalSection(SolutionConfigurationPlatforms) = preSolution
		Debug|Any CPU = Debug|Any CPU
		Release|Any CPU = Release|Any CPU
	EndGlobalSection
	GlobalSection(ProjectConfigurationPlatforms) = postSolution
		{D5611CFE-9C8B-4F11-8EAE-3AFC1DD23DDB}.Debug|Any CPU.ActiveCfg = Debug|Any CPU
		{D5611CFE-9C8B-4F11-8EAE-3AFC1DD23DDB}.Debug|Any CPU.Build.0 = Debug|Any CPU
		{D5611CFE-9C8B-4F11-8EAE-3AFC1DD23DDB}.Release|Any CPU.ActiveCfg = Release|Any CPU
		{D5611CFE-9C8B-4F11-8EAE-3AFC1DD23DDB}.Release|Any CPU.Build.0 = Release|Any CPU
	EndGlobalSection
	GlobalSection(SolutionProperties) = preSolution
		HideSolutionNode = FALSE
	EndGlobalSection
	GlobalSection(ExtensibilityGlobals) = postSolution
		SolutionGuid = {7010DE46-64F4-48EE-B548-7C98627F13A9}
	EndGlobalSection
EndGlobal
