
Microsoft Visual Studio Solution File, Format Version 12.00
# Visual Studio 15
VisualStudioVersion = 15.0.27703.2026
MinimumVisualStudioVersion = 10.0.40219.1
Project("{FAE04EC0-301F-11D3-BF4B-00C04F79EFBC}") = "ControllersExample", "ControllersExample\ControllersExample.csproj", "{CCF411DA-0DFF-4670-82F8-603F986199CF}"
EndProject
Global
	GlobalSection(SolutionConfigurationPlatforms) = preSolution
		Debug|Any CPU = Debug|Any CPU
		Release|Any CPU = Release|Any CPU
	EndGlobalSection
	GlobalSection(ProjectConfigurationPlatforms) = postSolution
		{CCF411DA-0DFF-4670-82F8-603F986199CF}.Debug|Any CPU.ActiveCfg = Debug|Any CPU
		{CCF411DA-0DFF-4670-82F8-603F986199CF}.Debug|Any CPU.Build.0 = Debug|Any CPU
		{CCF411DA-0DFF-4670-82F8-603F986199CF}.Release|Any CPU.ActiveCfg = Release|Any CPU
		{CCF411DA-0DFF-4670-82F8-603F986199CF}.Release|Any CPU.Build.0 = Release|Any CPU
	EndGlobalSection
	GlobalSection(SolutionProperties) = preSolution
		HideSolutionNode = FALSE
	EndGlobalSection
	GlobalSection(ExtensibilityGlobals) = postSolution
		SolutionGuid = {4791ADEC-21F7-467C-86AB-4E19258E8E71}
	EndGlobalSection
EndGlobal
