
Microsoft Visual Studio Solution File, Format Version 12.00
# Visual Studio 15
VisualStudioVersion = 15.0.27703.2026
MinimumVisualStudioVersion = 10.0.40219.1
Project("{FAE04EC0-301F-11D3-BF4B-00C04F79EFBC}") = "ConfigureServiceExample", "ConfigureServiceExample\ConfigureServiceExample.csproj", "{6A07D1A0-4B20-4AFF-993C-796B0F423A23}"
EndProject
Global
	GlobalSection(SolutionConfigurationPlatforms) = preSolution
		Debug|Any CPU = Debug|Any CPU
		Release|Any CPU = Release|Any CPU
	EndGlobalSection
	GlobalSection(ProjectConfigurationPlatforms) = postSolution
		{6A07D1A0-4B20-4AFF-993C-796B0F423A23}.Debug|Any CPU.ActiveCfg = Debug|Any CPU
		{6A07D1A0-4B20-4AFF-993C-796B0F423A23}.Debug|Any CPU.Build.0 = Debug|Any CPU
		{6A07D1A0-4B20-4AFF-993C-796B0F423A23}.Release|Any CPU.ActiveCfg = Release|Any CPU
		{6A07D1A0-4B20-4AFF-993C-796B0F423A23}.Release|Any CPU.Build.0 = Release|Any CPU
	EndGlobalSection
	GlobalSection(SolutionProperties) = preSolution
		HideSolutionNode = FALSE
	EndGlobalSection
	GlobalSection(ExtensibilityGlobals) = postSolution
		SolutionGuid = {CD0E02A1-92FA-4F28-8434-FE2C357AC594}
	EndGlobalSection
EndGlobal
