
Microsoft Visual Studio Solution File, Format Version 12.00
# Visual Studio 15
VisualStudioVersion = 15.0.27130.2027
MinimumVisualStudioVersion = 10.0.40219.1
Project("{FAE04EC0-301F-11D3-BF4B-00C04F79EFBC}") = "Configure Middlewares Example", "Configure Middlewares Example\Configure Middlewares Example.csproj", "{BB1F0C18-9BB5-492B-B22A-1D6DE763D414}"
EndProject
Global
	GlobalSection(SolutionConfigurationPlatforms) = preSolution
		Debug|Any CPU = Debug|Any CPU
		Release|Any CPU = Release|Any CPU
	EndGlobalSection
	GlobalSection(ProjectConfigurationPlatforms) = postSolution
		{BB1F0C18-9BB5-492B-B22A-1D6DE763D414}.Debug|Any CPU.ActiveCfg = Debug|Any CPU
		{BB1F0C18-9BB5-492B-B22A-1D6DE763D414}.Debug|Any CPU.Build.0 = Debug|Any CPU
		{BB1F0C18-9BB5-492B-B22A-1D6DE763D414}.Release|Any CPU.ActiveCfg = Release|Any CPU
		{BB1F0C18-9BB5-492B-B22A-1D6DE763D414}.Release|Any CPU.Build.0 = Release|Any CPU
	EndGlobalSection
	GlobalSection(SolutionProperties) = preSolution
		HideSolutionNode = FALSE
	EndGlobalSection
	GlobalSection(ExtensibilityGlobals) = postSolution
		SolutionGuid = {3FCA8B94-58AD-4B57-B1C7-A5B95F6F9CC5}
	EndGlobalSection
EndGlobal
