
Microsoft Visual Studio Solution File, Format Version 12.00
# Visual Studio 15
VisualStudioVersion = 15.0.28010.2003
MinimumVisualStudioVersion = 10.0.40219.1
Project("{FAE04EC0-301F-11D3-BF4B-00C04F79EFBC}") = "ZooSite", "ZooSite\ZooSite.csproj", "{421582EC-608D-4882-B674-39E392EB74D8}"
EndProject
Global
	GlobalSection(SolutionConfigurationPlatforms) = preSolution
		Debug|Any CPU = Debug|Any CPU
		Release|Any CPU = Release|Any CPU
	EndGlobalSection
	GlobalSection(ProjectConfigurationPlatforms) = postSolution
		{421582EC-608D-4882-B674-39E392EB74D8}.Debug|Any CPU.ActiveCfg = Debug|Any CPU
		{421582EC-608D-4882-B674-39E392EB74D8}.Debug|Any CPU.Build.0 = Debug|Any CPU
		{421582EC-608D-4882-B674-39E392EB74D8}.Release|Any CPU.ActiveCfg = Release|Any CPU
		{421582EC-608D-4882-B674-39E392EB74D8}.Release|Any CPU.Build.0 = Release|Any CPU
	EndGlobalSection
	GlobalSection(SolutionProperties) = preSolution
		HideSolutionNode = FALSE
	EndGlobalSection
	GlobalSection(ExtensibilityGlobals) = postSolution
		SolutionGuid = {CBC34F1D-A99F-41DF-ACDB-DEA89BE07DB1}
	EndGlobalSection
EndGlobal
