
Microsoft Visual Studio Solution File, Format Version 12.00
# Visual Studio 15
VisualStudioVersion = 15.0.27130.2027
MinimumVisualStudioVersion = 10.0.40219.1
Project("{FAE04EC0-301F-11D3-BF4B-00C04F79EFBC}") = "RazorSyntaxExample", "RazorSyntaxExample\RazorSyntaxExample.csproj", "{B3D10A50-B1A8-4B61-BBFF-E989A7544BEB}"
EndProject
Global
	GlobalSection(SolutionConfigurationPlatforms) = preSolution
		Debug|Any CPU = Debug|Any CPU
		Release|Any CPU = Release|Any CPU
	EndGlobalSection
	GlobalSection(ProjectConfigurationPlatforms) = postSolution
		{B3D10A50-B1A8-4B61-BBFF-E989A7544BEB}.Debug|Any CPU.ActiveCfg = Debug|Any CPU
		{B3D10A50-B1A8-4B61-BBFF-E989A7544BEB}.Debug|Any CPU.Build.0 = Debug|Any CPU
		{B3D10A50-B1A8-4B61-BBFF-E989A7544BEB}.Release|Any CPU.ActiveCfg = Release|Any CPU
		{B3D10A50-B1A8-4B61-BBFF-E989A7544BEB}.Release|Any CPU.Build.0 = Release|Any CPU
	EndGlobalSection
	GlobalSection(SolutionProperties) = preSolution
		HideSolutionNode = FALSE
	EndGlobalSection
	GlobalSection(ExtensibilityGlobals) = postSolution
		SolutionGuid = {5718C055-BF53-4D90-BC00-DB2F61920140}
	EndGlobalSection
EndGlobal
