
Microsoft Visual Studio Solution File, Format Version 12.00
# Visual Studio 15
VisualStudioVersion = 15.0.27703.2026
MinimumVisualStudioVersion = 10.0.40219.1
Project("{FAE04EC0-301F-11D3-BF4B-00C04F79EFBC}") = "GulpExample", "GulpExample\GulpExample.csproj", "{97C6B534-01A4-4775-AEA5-B5B9768844D7}"
EndProject
Global
	GlobalSection(SolutionConfigurationPlatforms) = preSolution
		Debug|Any CPU = Debug|Any CPU
		Release|Any CPU = Release|Any CPU
	EndGlobalSection
	GlobalSection(ProjectConfigurationPlatforms) = postSolution
		{97C6B534-01A4-4775-AEA5-B5B9768844D7}.Debug|Any CPU.ActiveCfg = Debug|Any CPU
		{97C6B534-01A4-4775-AEA5-B5B9768844D7}.Debug|Any CPU.Build.0 = Debug|Any CPU
		{97C6B534-01A4-4775-AEA5-B5B9768844D7}.Release|Any CPU.ActiveCfg = Release|Any CPU
		{97C6B534-01A4-4775-AEA5-B5B9768844D7}.Release|Any CPU.Build.0 = Release|Any CPU
	EndGlobalSection
	GlobalSection(SolutionProperties) = preSolution
		HideSolutionNode = FALSE
	EndGlobalSection
	GlobalSection(ExtensibilityGlobals) = postSolution
		SolutionGuid = {1BCA0EC9-82E2-4ADF-9990-AC0EA867ED7F}
	EndGlobalSection
EndGlobal
