
Microsoft Visual Studio Solution File, Format Version 12.00
# Visual Studio 15
VisualStudioVersion = 15.0.27130.2010
MinimumVisualStudioVersion = 10.0.40219.1
Project("{FAE04EC0-301F-11D3-BF4B-00C04F79EFBC}") = "RoutesExample", "RoutesExample\RoutesExample.csproj", "{D1D3A327-BD9C-4B5D-9A8C-0053CAB12DBD}"
EndProject
Global
	GlobalSection(SolutionConfigurationPlatforms) = preSolution
		Debug|Any CPU = Debug|Any CPU
		Release|Any CPU = Release|Any CPU
	EndGlobalSection
	GlobalSection(ProjectConfigurationPlatforms) = postSolution
		{D1D3A327-BD9C-4B5D-9A8C-0053CAB12DBD}.Debug|Any CPU.ActiveCfg = Debug|Any CPU
		{D1D3A327-BD9C-4B5D-9A8C-0053CAB12DBD}.Debug|Any CPU.Build.0 = Debug|Any CPU
		{D1D3A327-BD9C-4B5D-9A8C-0053CAB12DBD}.Release|Any CPU.ActiveCfg = Release|Any CPU
		{D1D3A327-BD9C-4B5D-9A8C-0053CAB12DBD}.Release|Any CPU.Build.0 = Release|Any CPU
	EndGlobalSection
	GlobalSection(SolutionProperties) = preSolution
		HideSolutionNode = FALSE
	EndGlobalSection
	GlobalSection(ExtensibilityGlobals) = postSolution
		SolutionGuid = {E47634FC-3BD4-4A6B-9A73-868EE704EE03}
	EndGlobalSection
EndGlobal
