
Microsoft Visual Studio Solution File, Format Version 12.00
# Visual Studio 15
VisualStudioVersion = 15.0.27130.2010
MinimumVisualStudioVersion = 10.0.40219.1
Project("{FAE04EC0-301F-11D3-BF4B-00C04F79EFBC}") = "ActorsRazorPages", "ActorsRazorPages\ActorsRazorPages.csproj", "{D9A13F6C-A9A1-4643-A31D-3505552DEBC9}"
EndProject
Global
	GlobalSection(SolutionConfigurationPlatforms) = preSolution
		Debug|Any CPU = Debug|Any CPU
		Release|Any CPU = Release|Any CPU
	EndGlobalSection
	GlobalSection(ProjectConfigurationPlatforms) = postSolution
		{D9A13F6C-A9A1-4643-A31D-3505552DEBC9}.Debug|Any CPU.ActiveCfg = Debug|Any CPU
		{D9A13F6C-A9A1-4643-A31D-3505552DEBC9}.Debug|Any CPU.Build.0 = Debug|Any CPU
		{D9A13F6C-A9A1-4643-A31D-3505552DEBC9}.Release|Any CPU.ActiveCfg = Release|Any CPU
		{D9A13F6C-A9A1-4643-A31D-3505552DEBC9}.Release|Any CPU.Build.0 = Release|Any CPU
	EndGlobalSection
	GlobalSection(SolutionProperties) = preSolution
		HideSolutionNode = FALSE
	EndGlobalSection
	GlobalSection(ExtensibilityGlobals) = postSolution
		SolutionGuid = {ACDC21DD-74FF-420D-B57A-A077E88D440C}
	EndGlobalSection
EndGlobal
