
Microsoft Visual Studio Solution File, Format Version 12.00
# Visual Studio 15
VisualStudioVersion = 15.0.27004.2005
MinimumVisualStudioVersion = 10.0.40219.1
Project("{FAE04EC0-301F-11D3-BF4B-00C04F79EFBC}") = "PollBall", "PollBall\PollBall.csproj", "{27E09C4C-CA62-4AF4-902D-184B7C979CF3}"
EndProject
Global
	GlobalSection(SolutionConfigurationPlatforms) = preSolution
		Debug|Any CPU = Debug|Any CPU
		Release|Any CPU = Release|Any CPU
	EndGlobalSection
	GlobalSection(ProjectConfigurationPlatforms) = postSolution
		{27E09C4C-CA62-4AF4-902D-184B7C979CF3}.Debug|Any CPU.ActiveCfg = Debug|Any CPU
		{27E09C4C-CA62-4AF4-902D-184B7C979CF3}.Debug|Any CPU.Build.0 = Debug|Any CPU
		{27E09C4C-CA62-4AF4-902D-184B7C979CF3}.Release|Any CPU.ActiveCfg = Release|Any CPU
		{27E09C4C-CA62-4AF4-902D-184B7C979CF3}.Release|Any CPU.Build.0 = Release|Any CPU
	EndGlobalSection
	GlobalSection(SolutionProperties) = preSolution
		HideSolutionNode = FALSE
	EndGlobalSection
	GlobalSection(ExtensibilityGlobals) = postSolution
		SolutionGuid = {4BFD6878-9F3A-4EB3-89A1-CB5FFEAF71E8}
	EndGlobalSection
EndGlobal
