
Microsoft Visual Studio Solution File, Format Version 12.00
# Visual Studio 15
VisualStudioVersion = 15.0.27130.2027
MinimumVisualStudioVersion = 10.0.40219.1
Project("{FAE04EC0-301F-11D3-BF4B-00C04F79EFBC}") = "PollBall", "PollBall\PollBall.csproj", "{15D89F2D-68E6-4D05-96FD-0683394EA3F0}"
EndProject
Global
	GlobalSection(SolutionConfigurationPlatforms) = preSolution
		Debug|Any CPU = Debug|Any CPU
		Release|Any CPU = Release|Any CPU
	EndGlobalSection
	GlobalSection(ProjectConfigurationPlatforms) = postSolution
		{15D89F2D-68E6-4D05-96FD-0683394EA3F0}.Debug|Any CPU.ActiveCfg = Debug|Any CPU
		{15D89F2D-68E6-4D05-96FD-0683394EA3F0}.Debug|Any CPU.Build.0 = Debug|Any CPU
		{15D89F2D-68E6-4D05-96FD-0683394EA3F0}.Release|Any CPU.ActiveCfg = Release|Any CPU
		{15D89F2D-68E6-4D05-96FD-0683394EA3F0}.Release|Any CPU.Build.0 = Release|Any CPU
	EndGlobalSection
	GlobalSection(SolutionProperties) = preSolution
		HideSolutionNode = FALSE
	EndGlobalSection
	GlobalSection(ExtensibilityGlobals) = postSolution
		SolutionGuid = {CE3BEA08-FD5E-4295-BA1A-7CCBF7AF35E8}
	EndGlobalSection
EndGlobal
