
Microsoft Visual Studio Solution File, Format Version 12.00
# Visual Studio 15
VisualStudioVersion = 15.0.27703.2042
MinimumVisualStudioVersion = 10.0.40219.1
Project("{FAE04EC0-301F-11D3-BF4B-00C04F79EFBC}") = "XmlFormatExample", "XmlFormatExample\XmlFormatExample.csproj", "{8C9A7AF5-2B2B-4A65-B7CC-E389A8D46DD4}"
EndProject
Global
	GlobalSection(SolutionConfigurationPlatforms) = preSolution
		Debug|Any CPU = Debug|Any CPU
		Release|Any CPU = Release|Any CPU
	EndGlobalSection
	GlobalSection(ProjectConfigurationPlatforms) = postSolution
		{8C9A7AF5-2B2B-4A65-B7CC-E389A8D46DD4}.Debug|Any CPU.ActiveCfg = Debug|Any CPU
		{8C9A7AF5-2B2B-4A65-B7CC-E389A8D46DD4}.Debug|Any CPU.Build.0 = Debug|Any CPU
		{8C9A7AF5-2B2B-4A65-B7CC-E389A8D46DD4}.Release|Any CPU.ActiveCfg = Release|Any CPU
		{8C9A7AF5-2B2B-4A65-B7CC-E389A8D46DD4}.Release|Any CPU.Build.0 = Release|Any CPU
	EndGlobalSection
	GlobalSection(SolutionProperties) = preSolution
		HideSolutionNode = FALSE
	EndGlobalSection
	GlobalSection(ExtensibilityGlobals) = postSolution
		SolutionGuid = {E6501CC7-15B8-497D-8993-798056B9A32D}
	EndGlobalSection
EndGlobal
