
Microsoft Visual Studio Solution File, Format Version 12.00
# Visual Studio 15
VisualStudioVersion = 15.0.27703.2026
MinimumVisualStudioVersion = 10.0.40219.1
Project("{FAE04EC0-301F-11D3-BF4B-00C04F79EFBC}") = "LayoutExample", "LayoutExample\LayoutExample.csproj", "{A1DE2A8F-F68E-4BCF-AFCE-F93FCE1E5EDD}"
EndProject
Global
	GlobalSection(SolutionConfigurationPlatforms) = preSolution
		Debug|Any CPU = Debug|Any CPU
		Release|Any CPU = Release|Any CPU
	EndGlobalSection
	GlobalSection(ProjectConfigurationPlatforms) = postSolution
		{A1DE2A8F-F68E-4BCF-AFCE-F93FCE1E5EDD}.Debug|Any CPU.ActiveCfg = Debug|Any CPU
		{A1DE2A8F-F68E-4BCF-AFCE-F93FCE1E5EDD}.Debug|Any CPU.Build.0 = Debug|Any CPU
		{A1DE2A8F-F68E-4BCF-AFCE-F93FCE1E5EDD}.Release|Any CPU.ActiveCfg = Release|Any CPU
		{A1DE2A8F-F68E-4BCF-AFCE-F93FCE1E5EDD}.Release|Any CPU.Build.0 = Release|Any CPU
	EndGlobalSection
	GlobalSection(SolutionProperties) = preSolution
		HideSolutionNode = FALSE
	EndGlobalSection
	GlobalSection(ExtensibilityGlobals) = postSolution
		SolutionGuid = {F85D41C5-256C-4703-A453-C35994BC7AD3}
	EndGlobalSection
EndGlobal
