
Microsoft Visual Studio Solution File, Format Version 12.00
# Visual Studio 15
VisualStudioVersion = 15.0.27703.2026
MinimumVisualStudioVersion = 10.0.40219.1
Project("{FAE04EC0-301F-11D3-BF4B-00C04F79EFBC}") = "DataAnnotationsExample", "DataAnnotationsExample\DataAnnotationsExample.csproj", "{60265C40-8A37-4DFC-AD54-3A0053078D60}"
EndProject
Global
	GlobalSection(SolutionConfigurationPlatforms) = preSolution
		Debug|Any CPU = Debug|Any CPU
		Release|Any CPU = Release|Any CPU
	EndGlobalSection
	GlobalSection(ProjectConfigurationPlatforms) = postSolution
		{60265C40-8A37-4DFC-AD54-3A0053078D60}.Debug|Any CPU.ActiveCfg = Debug|Any CPU
		{60265C40-8A37-4DFC-AD54-3A0053078D60}.Debug|Any CPU.Build.0 = Debug|Any CPU
		{60265C40-8A37-4DFC-AD54-3A0053078D60}.Release|Any CPU.ActiveCfg = Release|Any CPU
		{60265C40-8A37-4DFC-AD54-3A0053078D60}.Release|Any CPU.Build.0 = Release|Any CPU
	EndGlobalSection
	GlobalSection(SolutionProperties) = preSolution
		HideSolutionNode = FALSE
	EndGlobalSection
	GlobalSection(ExtensibilityGlobals) = postSolution
		SolutionGuid = {F2F0746C-F0E6-48C2-A3D2-BFB64B09B197}
	EndGlobalSection
EndGlobal
