
Microsoft Visual Studio Solution File, Format Version 12.00
# Visual Studio 15
VisualStudioVersion = 15.0.27130.2010
MinimumVisualStudioVersion = 10.0.40219.1
Project("{FAE04EC0-301F-11D3-BF4B-00C04F79EFBC}") = "BindViewsExample", "BindViewsExample\BindViewsExample.csproj", "{337CE23A-0213-4AFE-A9B7-75883A4D0F6A}"
EndProject
Global
	GlobalSection(SolutionConfigurationPlatforms) = preSolution
		Debug|Any CPU = Debug|Any CPU
		Release|Any CPU = Release|Any CPU
	EndGlobalSection
	GlobalSection(ProjectConfigurationPlatforms) = postSolution
		{337CE23A-0213-4AFE-A9B7-75883A4D0F6A}.Debug|Any CPU.ActiveCfg = Debug|Any CPU
		{337CE23A-0213-4AFE-A9B7-75883A4D0F6A}.Debug|Any CPU.Build.0 = Debug|Any CPU
		{337CE23A-0213-4AFE-A9B7-75883A4D0F6A}.Release|Any CPU.ActiveCfg = Release|Any CPU
		{337CE23A-0213-4AFE-A9B7-75883A4D0F6A}.Release|Any CPU.Build.0 = Release|Any CPU
	EndGlobalSection
	GlobalSection(SolutionProperties) = preSolution
		HideSolutionNode = FALSE
	EndGlobalSection
	GlobalSection(ExtensibilityGlobals) = postSolution
		SolutionGuid = {080614B3-C6F9-420A-9F08-6DADEA9B6E5C}
	EndGlobalSection
EndGlobal
