
Microsoft Visual Studio Solution File, Format Version 12.00
# Visual Studio 15
VisualStudioVersion = 15.0.27428.2037
MinimumVisualStudioVersion = 10.0.40219.1
Project("{FAE04EC0-301F-11D3-BF4B-00C04F79EFBC}") = "Cupcakes", "Cupcakes\Cupcakes.csproj", "{569D89F8-0A6E-4C2F-9B48-5D30633E39EB}"
EndProject
Global
	GlobalSection(SolutionConfigurationPlatforms) = preSolution
		Debug|Any CPU = Debug|Any CPU
		Release|Any CPU = Release|Any CPU
	EndGlobalSection
	GlobalSection(ProjectConfigurationPlatforms) = postSolution
		{569D89F8-0A6E-4C2F-9B48-5D30633E39EB}.Debug|Any CPU.ActiveCfg = Debug|Any CPU
		{569D89F8-0A6E-4C2F-9B48-5D30633E39EB}.Debug|Any CPU.Build.0 = Debug|Any CPU
		{569D89F8-0A6E-4C2F-9B48-5D30633E39EB}.Release|Any CPU.ActiveCfg = Release|Any CPU
		{569D89F8-0A6E-4C2F-9B48-5D30633E39EB}.Release|Any CPU.Build.0 = Release|Any CPU
	EndGlobalSection
	GlobalSection(SolutionProperties) = preSolution
		HideSolutionNode = FALSE
	EndGlobalSection
	GlobalSection(ExtensibilityGlobals) = postSolution
		SolutionGuid = {6A8642E3-2BE0-4279-9563-2A39B12AE3D1}
	EndGlobalSection
EndGlobal
