
Microsoft Visual Studio Solution File, Format Version 12.00
# Visual Studio 15
VisualStudioVersion = 15.0.27703.2026
MinimumVisualStudioVersion = 10.0.40219.1
Project("{FAE04EC0-301F-11D3-BF4B-00C04F79EFBC}") = "ErrorHandlingExample", "ErrorHandlingExample\ErrorHandlingExample.csproj", "{01F52F4B-6A56-40C9-9CED-361130AC3287}"
EndProject
Global
	GlobalSection(SolutionConfigurationPlatforms) = preSolution
		Debug|Any CPU = Debug|Any CPU
		Release|Any CPU = Release|Any CPU
	EndGlobalSection
	GlobalSection(ProjectConfigurationPlatforms) = postSolution
		{01F52F4B-6A56-40C9-9CED-361130AC3287}.Debug|Any CPU.ActiveCfg = Debug|Any CPU
		{01F52F4B-6A56-40C9-9CED-361130AC3287}.Debug|Any CPU.Build.0 = Debug|Any CPU
		{01F52F4B-6A56-40C9-9CED-361130AC3287}.Release|Any CPU.ActiveCfg = Release|Any CPU
		{01F52F4B-6A56-40C9-9CED-361130AC3287}.Release|Any CPU.Build.0 = Release|Any CPU
	EndGlobalSection
	GlobalSection(SolutionProperties) = preSolution
		HideSolutionNode = FALSE
	EndGlobalSection
	GlobalSection(ExtensibilityGlobals) = postSolution
		SolutionGuid = {ADA5AF8F-EEBB-4C6D-9695-B3FAC45B8C82}
	EndGlobalSection
EndGlobal
