
Microsoft Visual Studio Solution File, Format Version 12.00
# Visual Studio 15
VisualStudioVersion = 15.0.27703.2026
MinimumVisualStudioVersion = 10.0.40219.1
Project("{FAE04EC0-301F-11D3-BF4B-00C04F79EFBC}") = "IceCreamCompany", "IceCreamCompany\IceCreamCompany.csproj", "{96FAF6E3-F9BB-4213-A6F2-EDA9B6EA36A7}"
EndProject
Global
	GlobalSection(SolutionConfigurationPlatforms) = preSolution
		Debug|Any CPU = Debug|Any CPU
		Release|Any CPU = Release|Any CPU
	EndGlobalSection
	GlobalSection(ProjectConfigurationPlatforms) = postSolution
		{96FAF6E3-F9BB-4213-A6F2-EDA9B6EA36A7}.Debug|Any CPU.ActiveCfg = Debug|Any CPU
		{96FAF6E3-F9BB-4213-A6F2-EDA9B6EA36A7}.Debug|Any CPU.Build.0 = Debug|Any CPU
		{96FAF6E3-F9BB-4213-A6F2-EDA9B6EA36A7}.Release|Any CPU.ActiveCfg = Release|Any CPU
		{96FAF6E3-F9BB-4213-A6F2-EDA9B6EA36A7}.Release|Any CPU.Build.0 = Release|Any CPU
	EndGlobalSection
	GlobalSection(SolutionProperties) = preSolution
		HideSolutionNode = FALSE
	EndGlobalSection
	GlobalSection(ExtensibilityGlobals) = postSolution
		SolutionGuid = {664F90C6-23C4-4802-8AE7-A9D2435EA8A0}
	EndGlobalSection
EndGlobal
