
Microsoft Visual Studio Solution File, Format Version 12.00
# Visual Studio 15
VisualStudioVersion = 15.0.27130.2010
MinimumVisualStudioVersion = 10.0.40219.1
Project("{FAE04EC0-301F-11D3-BF4B-00C04F79EFBC}") = "FiltersExample", "FiltersExample\FiltersExample.csproj", "{96C7D320-73D8-43A9-801B-61563BCDDE8F}"
EndProject
Global
	GlobalSection(SolutionConfigurationPlatforms) = preSolution
		Debug|Any CPU = Debug|Any CPU
		Release|Any CPU = Release|Any CPU
	EndGlobalSection
	GlobalSection(ProjectConfigurationPlatforms) = postSolution
		{96C7D320-73D8-43A9-801B-61563BCDDE8F}.Debug|Any CPU.ActiveCfg = Debug|Any CPU
		{96C7D320-73D8-43A9-801B-61563BCDDE8F}.Debug|Any CPU.Build.0 = Debug|Any CPU
		{96C7D320-73D8-43A9-801B-61563BCDDE8F}.Release|Any CPU.ActiveCfg = Release|Any CPU
		{96C7D320-73D8-43A9-801B-61563BCDDE8F}.Release|Any CPU.Build.0 = Release|Any CPU
	EndGlobalSection
	GlobalSection(SolutionProperties) = preSolution
		HideSolutionNode = FALSE
	EndGlobalSection
	GlobalSection(ExtensibilityGlobals) = postSolution
		SolutionGuid = {FB47F28C-861A-4A7C-8919-B87F1DA777AC}
	EndGlobalSection
EndGlobal
