
Microsoft Visual Studio Solution File, Format Version 12.00
# Visual Studio 15
VisualStudioVersion = 15.0.27703.2026
MinimumVisualStudioVersion = 10.0.40219.1
Project("{FAE04EC0-301F-11D3-BF4B-00C04F79EFBC}") = "FiltersExample", "FiltersExample\FiltersExample.csproj", "{0460F7BB-3EF9-45DD-9BF3-A0B2151E19FF}"
EndProject
Global
	GlobalSection(SolutionConfigurationPlatforms) = preSolution
		Debug|Any CPU = Debug|Any CPU
		Release|Any CPU = Release|Any CPU
	EndGlobalSection
	GlobalSection(ProjectConfigurationPlatforms) = postSolution
		{0460F7BB-3EF9-45DD-9BF3-A0B2151E19FF}.Debug|Any CPU.ActiveCfg = Debug|Any CPU
		{0460F7BB-3EF9-45DD-9BF3-A0B2151E19FF}.Debug|Any CPU.Build.0 = Debug|Any CPU
		{0460F7BB-3EF9-45DD-9BF3-A0B2151E19FF}.Release|Any CPU.ActiveCfg = Release|Any CPU
		{0460F7BB-3EF9-45DD-9BF3-A0B2151E19FF}.Release|Any CPU.Build.0 = Release|Any CPU
	EndGlobalSection
	GlobalSection(SolutionProperties) = preSolution
		HideSolutionNode = FALSE
	EndGlobalSection
	GlobalSection(ExtensibilityGlobals) = postSolution
		SolutionGuid = {4E3892D2-7A05-419F-B82F-A34B3797A674}
	EndGlobalSection
EndGlobal
