
Microsoft Visual Studio Solution File, Format Version 12.00
# Visual Studio 15
VisualStudioVersion = 15.0.27703.2026
MinimumVisualStudioVersion = 10.0.40219.1
Project("{FAE04EC0-301F-11D3-BF4B-00C04F79EFBC}") = "PartialViewsExample", "PartialViewsExample\PartialViewsExample.csproj", "{86B7AE23-4D1E-4341-AA88-956BDDBCB186}"
EndProject
Global
	GlobalSection(SolutionConfigurationPlatforms) = preSolution
		Debug|Any CPU = Debug|Any CPU
		Release|Any CPU = Release|Any CPU
	EndGlobalSection
	GlobalSection(ProjectConfigurationPlatforms) = postSolution
		{86B7AE23-4D1E-4341-AA88-956BDDBCB186}.Debug|Any CPU.ActiveCfg = Debug|Any CPU
		{86B7AE23-4D1E-4341-AA88-956BDDBCB186}.Debug|Any CPU.Build.0 = Debug|Any CPU
		{86B7AE23-4D1E-4341-AA88-956BDDBCB186}.Release|Any CPU.ActiveCfg = Release|Any CPU
		{86B7AE23-4D1E-4341-AA88-956BDDBCB186}.Release|Any CPU.Build.0 = Release|Any CPU
	EndGlobalSection
	GlobalSection(SolutionProperties) = preSolution
		HideSolutionNode = FALSE
	EndGlobalSection
	GlobalSection(ExtensibilityGlobals) = postSolution
		SolutionGuid = {6B38D7FE-AF8E-479A-B14F-89920EF84AFA}
	EndGlobalSection
EndGlobal
