
Microsoft Visual Studio Solution File, Format Version 12.00
# Visual Studio 15
VisualStudioVersion = 15.0.27130.2027
MinimumVisualStudioVersion = 10.0.40219.1
Project("{FAE04EC0-301F-11D3-BF4B-00C04F79EFBC}") = "PartialViewExample", "PartialViewExample\PartialViewExample.csproj", "{CC9645E1-FB63-4F7A-9352-7B7AFD4287F4}"
EndProject
Global
	GlobalSection(SolutionConfigurationPlatforms) = preSolution
		Debug|Any CPU = Debug|Any CPU
		Release|Any CPU = Release|Any CPU
	EndGlobalSection
	GlobalSection(ProjectConfigurationPlatforms) = postSolution
		{CC9645E1-FB63-4F7A-9352-7B7AFD4287F4}.Debug|Any CPU.ActiveCfg = Debug|Any CPU
		{CC9645E1-FB63-4F7A-9352-7B7AFD4287F4}.Debug|Any CPU.Build.0 = Debug|Any CPU
		{CC9645E1-FB63-4F7A-9352-7B7AFD4287F4}.Release|Any CPU.ActiveCfg = Release|Any CPU
		{CC9645E1-FB63-4F7A-9352-7B7AFD4287F4}.Release|Any CPU.Build.0 = Release|Any CPU
	EndGlobalSection
	GlobalSection(SolutionProperties) = preSolution
		HideSolutionNode = FALSE
	EndGlobalSection
	GlobalSection(ExtensibilityGlobals) = postSolution
		SolutionGuid = {108A525A-0B0C-40FC-8520-FCEA54D6AC10}
	EndGlobalSection
EndGlobal
