
Microsoft Visual Studio Solution File, Format Version 12.00
# Visual Studio 15
VisualStudioVersion = 15.0.27703.2026
MinimumVisualStudioVersion = 10.0.40219.1
Project("{FAE04EC0-301F-11D3-BF4B-00C04F79EFBC}") = "WorldJourney", "WorldJourney\WorldJourney.csproj", "{56503FAD-2575-4755-A36B-9CB1EE3B3B4F}"
EndProject
Global
	GlobalSection(SolutionConfigurationPlatforms) = preSolution
		Debug|Any CPU = Debug|Any CPU
		Release|Any CPU = Release|Any CPU
	EndGlobalSection
	GlobalSection(ProjectConfigurationPlatforms) = postSolution
		{56503FAD-2575-4755-A36B-9CB1EE3B3B4F}.Debug|Any CPU.ActiveCfg = Debug|Any CPU
		{56503FAD-2575-4755-A36B-9CB1EE3B3B4F}.Debug|Any CPU.Build.0 = Debug|Any CPU
		{56503FAD-2575-4755-A36B-9CB1EE3B3B4F}.Release|Any CPU.ActiveCfg = Release|Any CPU
		{56503FAD-2575-4755-A36B-9CB1EE3B3B4F}.Release|Any CPU.Build.0 = Release|Any CPU
	EndGlobalSection
	GlobalSection(SolutionProperties) = preSolution
		HideSolutionNode = FALSE
	EndGlobalSection
	GlobalSection(ExtensibilityGlobals) = postSolution
		SolutionGuid = {708CEA37-138D-458E-ABD2-A0AE0794EB7C}
	EndGlobalSection
EndGlobal
