
Microsoft Visual Studio Solution File, Format Version 12.00
# Visual Studio 15
VisualStudioVersion = 15.0.27703.2026
MinimumVisualStudioVersion = 10.0.40219.1
Project("{FAE04EC0-301F-11D3-BF4B-00C04F79EFBC}") = "StateExample", "StateExample\StateExample.csproj", "{1615DE64-0259-44A6-97C9-194F4D619609}"
EndProject
Global
	GlobalSection(SolutionConfigurationPlatforms) = preSolution
		Debug|Any CPU = Debug|Any CPU
		Release|Any CPU = Release|Any CPU
	EndGlobalSection
	GlobalSection(ProjectConfigurationPlatforms) = postSolution
		{1615DE64-0259-44A6-97C9-194F4D619609}.Debug|Any CPU.ActiveCfg = Debug|Any CPU
		{1615DE64-0259-44A6-97C9-194F4D619609}.Debug|Any CPU.Build.0 = Debug|Any CPU
		{1615DE64-0259-44A6-97C9-194F4D619609}.Release|Any CPU.ActiveCfg = Release|Any CPU
		{1615DE64-0259-44A6-97C9-194F4D619609}.Release|Any CPU.Build.0 = Release|Any CPU
	EndGlobalSection
	GlobalSection(SolutionProperties) = preSolution
		HideSolutionNode = FALSE
	EndGlobalSection
	GlobalSection(ExtensibilityGlobals) = postSolution
		SolutionGuid = {3C686F1B-AC2F-4F51-9ED1-2B642455535E}
	EndGlobalSection
EndGlobal
