
Microsoft Visual Studio Solution File, Format Version 12.00
# Visual Studio 15
VisualStudioVersion = 15.0.28010.2046
MinimumVisualStudioVersion = 10.0.40219.1
Project("{FAE04EC0-301F-11D3-BF4B-00C04F79EFBC}") = "IdentityExample", "IdentityExample\IdentityExample.csproj", "{4D982188-C418-4939-990F-8F22F439CF9E}"
EndProject
Global
	GlobalSection(SolutionConfigurationPlatforms) = preSolution
		Debug|Any CPU = Debug|Any CPU
		Release|Any CPU = Release|Any CPU
	EndGlobalSection
	GlobalSection(ProjectConfigurationPlatforms) = postSolution
		{4D982188-C418-4939-990F-8F22F439CF9E}.Debug|Any CPU.ActiveCfg = Debug|Any CPU
		{4D982188-C418-4939-990F-8F22F439CF9E}.Debug|Any CPU.Build.0 = Debug|Any CPU
		{4D982188-C418-4939-990F-8F22F439CF9E}.Release|Any CPU.ActiveCfg = Release|Any CPU
		{4D982188-C418-4939-990F-8F22F439CF9E}.Release|Any CPU.Build.0 = Release|Any CPU
	EndGlobalSection
	GlobalSection(SolutionProperties) = preSolution
		HideSolutionNode = FALSE
	EndGlobalSection
	GlobalSection(ExtensibilityGlobals) = postSolution
		SolutionGuid = {65F47406-BB35-4B63-9FF8-73A42F773D45}
	EndGlobalSection
EndGlobal
