
Microsoft Visual Studio Solution File, Format Version 12.00
# Visual Studio 15
VisualStudioVersion = 15.0.27703.2026
MinimumVisualStudioVersion = 10.0.40219.1
Project("{FAE04EC0-301F-11D3-BF4B-00C04F79EFBC}") = "JSLibraryExample", "JSLibraryExample\JSLibraryExample.csproj", "{8E87810E-9A34-4E5C-AA3A-43DA2E65267C}"
EndProject
Global
	GlobalSection(SolutionConfigurationPlatforms) = preSolution
		Debug|Any CPU = Debug|Any CPU
		Release|Any CPU = Release|Any CPU
	EndGlobalSection
	GlobalSection(ProjectConfigurationPlatforms) = postSolution
		{8E87810E-9A34-4E5C-AA3A-43DA2E65267C}.Debug|Any CPU.ActiveCfg = Debug|Any CPU
		{8E87810E-9A34-4E5C-AA3A-43DA2E65267C}.Debug|Any CPU.Build.0 = Debug|Any CPU
		{8E87810E-9A34-4E5C-AA3A-43DA2E65267C}.Release|Any CPU.ActiveCfg = Release|Any CPU
		{8E87810E-9A34-4E5C-AA3A-43DA2E65267C}.Release|Any CPU.Build.0 = Release|Any CPU
	EndGlobalSection
	GlobalSection(SolutionProperties) = preSolution
		HideSolutionNode = FALSE
	EndGlobalSection
	GlobalSection(ExtensibilityGlobals) = postSolution
		SolutionGuid = {5E60A20C-4DCE-4676-80A9-5653EF3E05A6}
	EndGlobalSection
EndGlobal
