
Microsoft Visual Studio Solution File, Format Version 12.00
# Visual Studio 15
VisualStudioVersion = 15.0.27703.2026
MinimumVisualStudioVersion = 10.0.40219.1
Project("{FAE04EC0-301F-11D3-BF4B-00C04F79EFBC}") = "JQueryExample", "JQueryExample\JQueryExample.csproj", "{06B14C08-AF8C-4309-9A68-D4476E4921BB}"
EndProject
Global
	GlobalSection(SolutionConfigurationPlatforms) = preSolution
		Debug|Any CPU = Debug|Any CPU
		Release|Any CPU = Release|Any CPU
	EndGlobalSection
	GlobalSection(ProjectConfigurationPlatforms) = postSolution
		{06B14C08-AF8C-4309-9A68-D4476E4921BB}.Debug|Any CPU.ActiveCfg = Debug|Any CPU
		{06B14C08-AF8C-4309-9A68-D4476E4921BB}.Debug|Any CPU.Build.0 = Debug|Any CPU
		{06B14C08-AF8C-4309-9A68-D4476E4921BB}.Release|Any CPU.ActiveCfg = Release|Any CPU
		{06B14C08-AF8C-4309-9A68-D4476E4921BB}.Release|Any CPU.Build.0 = Release|Any CPU
	EndGlobalSection
	GlobalSection(SolutionProperties) = preSolution
		HideSolutionNode = FALSE
	EndGlobalSection
	GlobalSection(ExtensibilityGlobals) = postSolution
		SolutionGuid = {B335C138-3318-4343-8E0C-40CA2A8E4A9E}
	EndGlobalSection
EndGlobal
