
Microsoft Visual Studio Solution File, Format Version 12.00
# Visual Studio 15
VisualStudioVersion = 15.0.28010.2048
MinimumVisualStudioVersion = 10.0.40219.1
Project("{9A19103F-16F7-4668-BE54-9A1E7A4F7556}") = "Library", "Library\Library.csproj", "{827F93C6-188E-445E-93C9-FF0B31EC3027}"
EndProject
Project("{FAE04EC0-301F-11D3-BF4B-00C04F79EFBC}") = "CrossSiteRequestForgeryAttack", "CrossSiteRequestForgeryAttack\CrossSiteRequestForgeryAttack.csproj", "{F7E6E762-2DC3-49C7-A67E-EC1C67E47A89}"
EndProject
Global
	GlobalSection(SolutionConfigurationPlatforms) = preSolution
		Debug|Any CPU = Debug|Any CPU
		Release|Any CPU = Release|Any CPU
	EndGlobalSection
	GlobalSection(ProjectConfigurationPlatforms) = postSolution
		{827F93C6-188E-445E-93C9-FF0B31EC3027}.Debug|Any CPU.ActiveCfg = Debug|Any CPU
		{827F93C6-188E-445E-93C9-FF0B31EC3027}.Debug|Any CPU.Build.0 = Debug|Any CPU
		{827F93C6-188E-445E-93C9-FF0B31EC3027}.Release|Any CPU.ActiveCfg = Release|Any CPU
		{827F93C6-188E-445E-93C9-FF0B31EC3027}.Release|Any CPU.Build.0 = Release|Any CPU
		{F7E6E762-2DC3-49C7-A67E-EC1C67E47A89}.Debug|Any CPU.ActiveCfg = Debug|Any CPU
		{F7E6E762-2DC3-49C7-A67E-EC1C67E47A89}.Debug|Any CPU.Build.0 = Debug|Any CPU
		{F7E6E762-2DC3-49C7-A67E-EC1C67E47A89}.Release|Any CPU.ActiveCfg = Release|Any CPU
		{F7E6E762-2DC3-49C7-A67E-EC1C67E47A89}.Release|Any CPU.Build.0 = Release|Any CPU
	EndGlobalSection
	GlobalSection(SolutionProperties) = preSolution
		HideSolutionNode = FALSE
	EndGlobalSection
	GlobalSection(ExtensibilityGlobals) = postSolution
		SolutionGuid = {5D7A7653-9791-4A21-BF09-BAFE443B42D0}
	EndGlobalSection
EndGlobal
