
Microsoft Visual Studio Solution File, Format Version 12.00
# Visual Studio 15
VisualStudioVersion = 15.0.27703.2042
MinimumVisualStudioVersion = 10.0.40219.1
Project("{FAE04EC0-301F-11D3-BF4B-00C04F79EFBC}") = "NpmExample", "NpmExample\NpmExample.csproj", "{05474829-80F7-4062-BB69-F5281B0FFA9F}"
EndProject
Global
	GlobalSection(SolutionConfigurationPlatforms) = preSolution
		Debug|Any CPU = Debug|Any CPU
		Release|Any CPU = Release|Any CPU
	EndGlobalSection
	GlobalSection(ProjectConfigurationPlatforms) = postSolution
		{05474829-80F7-4062-BB69-F5281B0FFA9F}.Debug|Any CPU.ActiveCfg = Debug|Any CPU
		{05474829-80F7-4062-BB69-F5281B0FFA9F}.Debug|Any CPU.Build.0 = Debug|Any CPU
		{05474829-80F7-4062-BB69-F5281B0FFA9F}.Release|Any CPU.ActiveCfg = Release|Any CPU
		{05474829-80F7-4062-BB69-F5281B0FFA9F}.Release|Any CPU.Build.0 = Release|Any CPU
	EndGlobalSection
	GlobalSection(SolutionProperties) = preSolution
		HideSolutionNode = FALSE
	EndGlobalSection
	GlobalSection(ExtensibilityGlobals) = postSolution
		SolutionGuid = {C8BDD7ED-1338-477B-8514-8D47DA8F132C}
	EndGlobalSection
EndGlobal
