
Microsoft Visual Studio Solution File, Format Version 12.00
# Visual Studio 15
VisualStudioVersion = 15.0.27703.2026
MinimumVisualStudioVersion = 10.0.40219.1
Project("{FAE04EC0-301F-11D3-BF4B-00C04F79EFBC}") = "GridExample", "GridExample\GridExample.csproj", "{319528F9-C3ED-450A-BC27-752EBFDFDAFB}"
EndProject
Global
	GlobalSection(SolutionConfigurationPlatforms) = preSolution
		Debug|Any CPU = Debug|Any CPU
		Release|Any CPU = Release|Any CPU
	EndGlobalSection
	GlobalSection(ProjectConfigurationPlatforms) = postSolution
		{319528F9-C3ED-450A-BC27-752EBFDFDAFB}.Debug|Any CPU.ActiveCfg = Debug|Any CPU
		{319528F9-C3ED-450A-BC27-752EBFDFDAFB}.Debug|Any CPU.Build.0 = Debug|Any CPU
		{319528F9-C3ED-450A-BC27-752EBFDFDAFB}.Release|Any CPU.ActiveCfg = Release|Any CPU
		{319528F9-C3ED-450A-BC27-752EBFDFDAFB}.Release|Any CPU.Build.0 = Release|Any CPU
	EndGlobalSection
	GlobalSection(SolutionProperties) = preSolution
		HideSolutionNode = FALSE
	EndGlobalSection
	GlobalSection(ExtensibilityGlobals) = postSolution
		SolutionGuid = {EA63584A-43FE-447D-877D-EA0B6E83C83C}
	EndGlobalSection
EndGlobal
