
Microsoft Visual Studio Solution File, Format Version 12.00
# Visual Studio 15
VisualStudioVersion = 15.0.27703.2026
MinimumVisualStudioVersion = 10.0.40219.1
Project("{FAE04EC0-301F-11D3-BF4B-00C04F79EFBC}") = "GridExample", "GridExample\GridExample.csproj", "{D11F563E-B90B-4FAE-986A-A798FBD7FD63}"
EndProject
Global
	GlobalSection(SolutionConfigurationPlatforms) = preSolution
		Debug|Any CPU = Debug|Any CPU
		Release|Any CPU = Release|Any CPU
	EndGlobalSection
	GlobalSection(ProjectConfigurationPlatforms) = postSolution
		{D11F563E-B90B-4FAE-986A-A798FBD7FD63}.Debug|Any CPU.ActiveCfg = Debug|Any CPU
		{D11F563E-B90B-4FAE-986A-A798FBD7FD63}.Debug|Any CPU.Build.0 = Debug|Any CPU
		{D11F563E-B90B-4FAE-986A-A798FBD7FD63}.Release|Any CPU.ActiveCfg = Release|Any CPU
		{D11F563E-B90B-4FAE-986A-A798FBD7FD63}.Release|Any CPU.Build.0 = Release|Any CPU
	EndGlobalSection
	GlobalSection(SolutionProperties) = preSolution
		HideSolutionNode = FALSE
	EndGlobalSection
	GlobalSection(ExtensibilityGlobals) = postSolution
		SolutionGuid = {C0BC7EC4-DC63-4F01-9567-9AAC1BF6B651}
	EndGlobalSection
EndGlobal
