
Microsoft Visual Studio Solution File, Format Version 12.00
# Visual Studio 15
VisualStudioVersion = 15.0.27428.2037
MinimumVisualStudioVersion = 10.0.40219.1
Project("{FAE04EC0-301F-11D3-BF4B-00C04F79EFBC}") = "JSLibraryExample", "JSLibraryExample\JSLibraryExample.csproj", "{5CA41B22-4CC1-4D7A-9FF5-5DDBD2867577}"
EndProject
Global
	GlobalSection(SolutionConfigurationPlatforms) = preSolution
		Debug|Any CPU = Debug|Any CPU
		Release|Any CPU = Release|Any CPU
	EndGlobalSection
	GlobalSection(ProjectConfigurationPlatforms) = postSolution
		{5CA41B22-4CC1-4D7A-9FF5-5DDBD2867577}.Debug|Any CPU.ActiveCfg = Debug|Any CPU
		{5CA41B22-4CC1-4D7A-9FF5-5DDBD2867577}.Debug|Any CPU.Build.0 = Debug|Any CPU
		{5CA41B22-4CC1-4D7A-9FF5-5DDBD2867577}.Release|Any CPU.ActiveCfg = Release|Any CPU
		{5CA41B22-4CC1-4D7A-9FF5-5DDBD2867577}.Release|Any CPU.Build.0 = Release|Any CPU
	EndGlobalSection
	GlobalSection(SolutionProperties) = preSolution
		HideSolutionNode = FALSE
	EndGlobalSection
	GlobalSection(ExtensibilityGlobals) = postSolution
		SolutionGuid = {90157676-9BDF-4ED9-B00A-01C0CD0A58C6}
	EndGlobalSection
EndGlobal
